// !$*UTF8*$!
{
	archiveVersion = 1;
	classes = {
	};
	objectVersion = 55;
	objects = {

/* Begin PBXBuildFile section */
		0524799A28D20D2A00538C51 /* AppDelegate.swift in Sources */ = {isa = PBXBuildFile; fileRef = 0524799928D20D2A00538C51 /* AppDelegate.swift */; };
		0524799C28D20D2A00538C51 /* SceneDelegate.swift in Sources */ = {isa = PBXBuildFile; fileRef = 0524799B28D20D2A00538C51 /* SceneDelegate.swift */; };
		0524799E28D20D2A00538C51 /* ViewController.swift in Sources */ = {isa = PBXBuildFile; fileRef = 0524799D28D20D2A00538C51 /* ViewController.swift */; };
		052479A128D20D2A00538C51 /* Main.storyboard in Resources */ = {isa = PBXBuildFile; fileRef = 0524799F28D20D2A00538C51 /* Main.storyboard */; };
		052479A328D20D2B00538C51 /* Assets.xcassets in Resources */ = {isa = PBXBuildFile; fileRef = 052479A228D20D2B00538C51 /* Assets.xcassets */; };
		052479A628D20D2B00538C51 /* LaunchScreen.storyboard in Resources */ = {isa = PBXBuildFile; fileRef = 052479A428D20D2B00538C51 /* LaunchScreen.storyboard */; };
		052479AF28D213DE00538C51 /* TableViewCell.swift in Sources */ = {isa = PBXBuildFile; fileRef = 052479AD28D213DE00538C51 /* TableViewCell.swift */; };
		052479B028D213DE00538C51 /* TableViewCell.xib in Resources */ = {isa = PBXBuildFile; fileRef = 052479AE28D213DE00538C51 /* TableViewCell.xib */; };
		052479B228D227D000538C51 /* Dictionary.swift in Sources */ = {isa = PBXBuildFile; fileRef = 052479B128D227D000538C51 /* Dictionary.swift */; };
		0539A60528D3064F00E37EC5 /* SecondViewController.swift in Sources */ = {isa = PBXBuildFile; fileRef = 0539A60428D3064F00E37EC5 /* SecondViewController.swift */; };
		0543DDA928D47316005F4962 /* VideoPlayer.swift in Sources */ = {isa = PBXBuildFile; fileRef = 0543DDA828D47316005F4962 /* VideoPlayer.swift */; };
		0543DDAB28D47349005F4962 /* VideoPlayer.xib in Resources */ = {isa = PBXBuildFile; fileRef = 0543DDAA28D47349005F4962 /* VideoPlayer.xib */; };
/* End PBXBuildFile section */

/* Begin PBXFileReference section */
		0524799628D20D2A00538C51 /* VideoDemo.app */ = {isa = PBXFileReference; explicitFileType = wrapper.application; includeInIndex = 0; path = VideoDemo.app; sourceTree = BUILT_PRODUCTS_DIR; };
		0524799928D20D2A00538C51 /* AppDelegate.swift */ = {isa = PBXFileReference; lastKnownFileType = sourcecode.swift; path = AppDelegate.swift; sourceTree = "<group>"; };
		0524799B28D20D2A00538C51 /* SceneDelegate.swift */ = {isa = PBXFileReference; lastKnownFileType = sourcecode.swift; path = SceneDelegate.swift; sourceTree = "<group>"; };
		0524799D28D20D2A00538C51 /* ViewController.swift */ = {isa = PBXFileReference; lastKnownFileType = sourcecode.swift; path = ViewController.swift; sourceTree = "<group>"; };
		052479A028D20D2A00538C51 /* Base */ = {isa = PBXFileReference; lastKnownFileType = file.storyboard; name = Base; path = Base.lproj/Main.storyboard; sourceTree = "<group>"; };
		052479A228D20D2B00538C51 /* Assets.xcassets */ = {isa = PBXFileReference; lastKnownFileType = folder.assetcatalog; path = Assets.xcassets; sourceTree = "<group>"; };
		052479A528D20D2B00538C51 /* Base */ = {isa = PBXFileReference; lastKnownFileType = file.storyboard; name = Base; path = Base.lproj/LaunchScreen.storyboard; sourceTree = "<group>"; };
		052479A728D20D2B00538C51 /* Info.plist */ = {isa = PBXFileReference; lastKnownFileType = text.plist.xml; path = Info.plist; sourceTree = "<group>"; };
		052479AD28D213DE00538C51 /* TableViewCell.swift */ = {isa = PBXFileReference; lastKnownFileType = sourcecode.swift; path = TableViewCell.swift; sourceTree = "<group>"; };
		052479AE28D213DE00538C51 /* TableViewCell.xib */ = {isa = PBXFileReference; lastKnownFileType = file.xib; path = TableViewCell.xib; sourceTree = "<group>"; };
		052479B128D227D000538C51 /* Dictionary.swift */ = {isa = PBXFileReference; lastKnownFileType = sourcecode.swift; path = Dictionary.swift; sourceTree = "<group>"; };
		0539A60428D3064F00E37EC5 /* SecondViewController.swift */ = {isa = PBXFileReference; lastKnownFileType = sourcecode.swift; path = SecondViewController.swift; sourceTree = "<group>"; };
		0543DDA828D47316005F4962 /* VideoPlayer.swift */ = {isa = PBXFileReference; lastKnownFileType = sourcecode.swift; path = VideoPlayer.swift; sourceTree = "<group>"; };
		0543DDAA28D47349005F4962 /* VideoPlayer.xib */ = {isa = PBXFileReference; lastKnownFileType = file.xib; path = VideoPlayer.xib; sourceTree = "<group>"; };
/* End PBXFileReference section */

/* Begin PBXFrameworksBuildPhase section */
		0524799328D20D2A00538C51 /* Frameworks */ = {
			isa = PBXFrameworksBuildPhase;
			buildActionMask = 2147483647;
			files = (
			);
			runOnlyForDeploymentPostprocessing = 0;
		};
/* End PBXFrameworksBuildPhase section */

/* Begin PBXGroup section */
		0524798D28D20D2A00538C51 = {
			isa = PBXGroup;
			children = (
				0543DDA828D47316005F4962 /* VideoPlayer.swift */,
				0543DDAA28D47349005F4962 /* VideoPlayer.xib */,
				0524799828D20D2A00538C51 /* VideoDemo */,
				0524799728D20D2A00538C51 /* Products */,
			);
			sourceTree = "<group>";
		};
		0524799728D20D2A00538C51 /* Products */ = {
			isa = PBXGroup;
			children = (
				0524799628D20D2A00538C51 /* VideoDemo.app */,
			);
			name = Products;
			sourceTree = "<group>";
		};
		0524799828D20D2A00538C51 /* VideoDemo */ = {
			isa = PBXGroup;
			children = (
				052479B128D227D000538C51 /* Dictionary.swift */,
				0524799928D20D2A00538C51 /* AppDelegate.swift */,
				0524799B28D20D2A00538C51 /* SceneDelegate.swift */,
				0524799D28D20D2A00538C51 /* ViewController.swift */,
				0524799F28D20D2A00538C51 /* Main.storyboard */,
				052479A228D20D2B00538C51 /* Assets.xcassets */,
				052479A428D20D2B00538C51 /* LaunchScreen.storyboard */,
				052479A728D20D2B00538C51 /* Info.plist */,
				052479AD28D213DE00538C51 /* TableViewCell.swift */,
				052479AE28D213DE00538C51 /* TableViewCell.xib */,
				0539A60428D3064F00E37EC5 /* SecondViewController.swift */,
			);
			path = VideoDemo;
			sourceTree = "<group>";
		};
/* End PBXGroup section */

/* Begin PBXNativeTarget section */
		0524799528D20D2A00538C51 /* VideoDemo */ = {
			isa = PBXNativeTarget;
			buildConfigurationList = 052479AA28D20D2B00538C51 /* Build configuration list for PBXNativeTarget "VideoDemo" */;
			buildPhases = (
				0524799228D20D2A00538C51 /* Sources */,
				0524799328D20D2A00538C51 /* Frameworks */,
				0524799428D20D2A00538C51 /* Resources */,
			);
			buildRules = (
			);
			dependencies = (
			);
			name = VideoDemo;
			productName = VideoDemo;
			productReference = 0524799628D20D2A00538C51 /* VideoDemo.app */;
			productType = "com.apple.product-type.application";
		};
/* End PBXNativeTarget section */

/* Begin PBXProject section */
		0524798E28D20D2A00538C51 /* Project object */ = {
			isa = PBXProject;
			attributes = {
				BuildIndependentTargetsInParallel = 1;
				LastSwiftUpdateCheck = 1340;
				LastUpgradeCheck = 1340;
				TargetAttributes = {
					0524799528D20D2A00538C51 = {
						CreatedOnToolsVersion = 13.4.1;
					};
				};
			};
			buildConfigurationList = 0524799128D20D2A00538C51 /* Build configuration list for PBXProject "VideoDemo" */;
			compatibilityVersion = "Xcode 13.0";
			developmentRegion = en;
			hasScannedForEncodings = 0;
			knownRegions = (
				en,
				Base,
			);
			mainGroup = 0524798D28D20D2A00538C51;
			productRefGroup = 0524799728D20D2A00538C51 /* Products */;
			projectDirPath = "";
			projectRoot = "";
			targets = (
				0524799528D20D2A00538C51 /* VideoDemo */,
			);
		};
/* End PBXProject section */

/* Begin PBXResourcesBuildPhase section */
		0524799428D20D2A00538C51 /* Resources */ = {
			isa = PBXResourcesBuildPhase;
			buildActionMask = 2147483647;
			files = (
				052479A628D20D2B00538C51 /* LaunchScreen.storyboard in Resources */,
				0543DDAB28D47349005F4962 /* VideoPlayer.xib in Resources */,
				052479B028D213DE00538C51 /* TableViewCell.xib in Resources */,
				052479A328D20D2B00538C51 /* Assets.xcassets in Resources */,
				052479A128D20D2A00538C51 /* Main.storyboard in Resources */,
			);
			runOnlyForDeploymentPostprocessing = 0;
		};
/* End PBXResourcesBuildPhase section */

/* Begin PBXSourcesBuildPhase section */
		0524799228D20D2A00538C51 /* Sources */ = {
			isa = PBXSourcesBuildPhase;
			buildActionMask = 2147483647;
			files = (
				0543DDA928D47316005F4962 /* VideoPlayer.swift in Sources */,
				0539A60528D3064F00E37EC5 /* SecondViewController.swift in Sources */,
				0524799E28D20D2A00538C51 /* ViewController.swift in Sources */,
				052479B228D227D000538C51 /* Dictionary.swift in Sources */,
				052479AF28D213DE00538C51 /* TableViewCell.swift in Sources */,
				0524799A28D20D2A00538C51 /* AppDelegate.swift in Sources */,
				0524799C28D20D2A00538C51 /* SceneDelegate.swift in Sources */,
			);
			runOnlyForDeploymentPostprocessing = 0;
		};
/* End PBXSourcesBuildPhase section */

/* Begin PBXVariantGroup section */
		0524799F28D20D2A00538C51 /* Main.storyboard */ = {
			isa = PBXVariantGroup;
			children = (
				052479A028D20D2A00538C51 /* Base */,
			);
			name = Main.storyboard;
			sourceTree = "<group>";
		};
		052479A428D20D2B00538C51 /* LaunchScreen.storyboard */ = {
			isa = PBXVariantGroup;
			children = (
				052479A528D20D2B00538C51 /* Base */,
			);
			name = LaunchScreen.storyboard;
			sourceTree = "<group>";
		};
/* End PBXVariantGroup section */

/* Begin XCBuildConfiguration section */
		052479A828D20D2B00538C51 /* Debug */ = {
			isa = XCBuildConfiguration;
			buildSettings = {
				ALWAYS_SEARCH_USER_PATHS = NO;
				CLANG_ANALYZER_NONNULL = YES;
				CLANG_ANALYZER_NUMBER_OBJECT_CONVERSION = YES_AGGRESSIVE;
				CLANG_CXX_LANGUAGE_STANDARD = "gnu++17";
				CLANG_ENABLE_MODULES = YES;
				CLANG_ENABLE_OBJC_ARC = YES;
				CLANG_ENABLE_OBJC_WEAK = YES;
				CLANG_WARN_BLOCK_CAPTURE_AUTORELEASING = YES;
				CLANG_WARN_BOOL_CONVERSION = YES;
				CLANG_WARN_COMMA = YES;
				CLANG_WARN_CONSTANT_CONVERSION = YES;
				CLANG_WARN_DEPRECATED_OBJC_IMPLEMENTATIONS = YES;
				CLANG_WARN_DIRECT_OBJC_ISA_USAGE = YES_ERROR;
				CLANG_WARN_DOCUMENTATION_COMMENTS = YES;
				CLANG_WARN_EMPTY_BODY = YES;
				CLANG_WARN_ENUM_CONVERSION = YES;
				CLANG_WARN_INFINITE_RECURSION = YES;
				CLANG_WARN_INT_CONVERSION = YES;
				CLANG_WARN_NON_LITERAL_NULL_CONVERSION = YES;
				CLANG_WARN_OBJC_IMPLICIT_RETAIN_SELF = YES;
				CLANG_WARN_OBJC_LITERAL_CONVERSION = YES;
				CLANG_WARN_OBJC_ROOT_CLASS = YES_ERROR;
				CLANG_WARN_QUOTED_INCLUDE_IN_FRAMEWORK_HEADER = YES;
				CLANG_WARN_RANGE_LOOP_ANALYSIS = YES;
				CLANG_WARN_STRICT_PROTOTYPES = YES;
				CLANG_WARN_SUSPICIOUS_MOVE = YES;
				CLANG_WARN_UNGUARDED_AVAILABILITY = YES_AGGRESSIVE;
				CLANG_WARN_UNREACHABLE_CODE = YES;
				CLANG_WARN__DUPLICATE_METHOD_MATCH = YES;
				COPY_PHASE_STRIP = NO;
				DEBUG_INFORMATION_FORMAT = dwarf;
				ENABLE_STRICT_OBJC_MSGSEND = YES;
				ENABLE_TESTABILITY = YES;
				GCC_C_LANGUAGE_STANDARD = gnu11;
				GCC_DYNAMIC_NO_PIC = NO;
				GCC_NO_COMMON_BLOCKS = YES;
				GCC_OPTIMIZATION_LEVEL = 0;
				GCC_PREPROCESSOR_DEFINITIONS = (
					"DEBUG=1",
					"$(inherited)",
				);
				GCC_WARN_64_TO_32_BIT_CONVERSION = YES;
				GCC_WARN_ABOUT_RETURN_TYPE = YES_ERROR;
				GCC_WARN_UNDECLARED_SELECTOR = YES;
				GCC_WARN_UNINITIALIZED_AUTOS = YES_AGGRESSIVE;
				GCC_WARN_UNUSED_FUNCTION = YES;
				GCC_WARN_UNUSED_VARIABLE = YES;
				IPHONEOS_DEPLOYMENT_TARGET = 15.5;
				MTL_ENABLE_DEBUG_INFO = INCLUDE_SOURCE;
				MTL_FAST_MATH = YES;
				ONLY_ACTIVE_ARCH = YES;
				SDKROOT = iphoneos;
				SWIFT_ACTIVE_COMPILATION_CONDITIONS = DEBUG;
				SWIFT_OPTIMIZATION_LEVEL = "-Onone";
			};
			name = Debug;
		};
		052479A928D20D2B00538C51 /* Release */ = {
			isa = XCBuildConfiguration;
			buildSettings = {
				ALWAYS_SEARCH_USER_PATHS = NO;
				CLANG_ANALYZER_NONNULL = YES;
				CLANG_ANALYZER_NUMBER_OBJECT_CONVERSION = YES_AGGRESSIVE;
				CLANG_CXX_LANGUAGE_STANDARD = "gnu++17";
				CLANG_ENABLE_MODULES = YES;
				CLANG_ENABLE_OBJC_ARC = YES;
				CLANG_ENABLE_OBJC_WEAK = YES;
				CLANG_WARN_BLOCK_CAPTURE_AUTORELEASING = YES;
				CLANG_WARN_BOOL_CONVERSION = YES;
				CLANG_WARN_COMMA = YES;
				CLANG_WARN_CONSTANT_CONVERSION = YES;
				CLANG_WARN_DEPRECATED_OBJC_IMPLEMENTATIONS = YES;
				CLANG_WARN_DIRECT_OBJC_ISA_USAGE = YES_ERROR;
				CLANG_WARN_DOCUMENTATION_COMMENTS = YES;
				CLANG_WARN_EMPTY_BODY = YES;
				CLANG_WARN_ENUM_CONVERSION = YES;
				CLANG_WARN_INFINITE_RECURSION = YES;
				CLANG_WARN_INT_CONVERSION = YES;
				CLANG_WARN_NON_LITERAL_NULL_CONVERSION = YES;
				CLANG_WARN_OBJC_IMPLICIT_RETAIN_SELF = YES;
				CLANG_WARN_OBJC_LITERAL_CONVERSION = YES;
				CLANG_WARN_OBJC_ROOT_CLASS = YES_ERROR;
				CLANG_WARN_QUOTED_INCLUDE_IN_FRAMEWORK_HEADER = YES;
				CLANG_WARN_RANGE_LOOP_ANALYSIS = YES;
				CLANG_WARN_STRICT_PROTOTYPES = YES;
				CLANG_WARN_SUSPICIOUS_MOVE = YES;
				CLANG_WARN_UNGUARDED_AVAILABILITY = YES_AGGRESSIVE;
				CLANG_WARN_UNREACHABLE_CODE = YES;
				CLANG_WARN__DUPLICATE_METHOD_MATCH = YES;
				COPY_PHASE_STRIP = NO;
				DEBUG_INFORMATION_FORMAT = "dwarf-with-dsym";
				ENABLE_NS_ASSERTIONS = NO;
				ENABLE_STRICT_OBJC_MSGSEND = YES;
				GCC_C_LANGUAGE_STANDARD = gnu11;
				GCC_NO_COMMON_BLOCKS = YES;
				GCC_WARN_64_TO_32_BIT_CONVERSION = YES;
				GCC_WARN_ABOUT_RETURN_TYPE = YES_ERROR;
				GCC_WARN_UNDECLARED_SELECTOR = YES;
				GCC_WARN_UNINITIALIZED_AUTOS = YES_AGGRESSIVE;
				GCC_WARN_UNUSED_FUNCTION = YES;
				GCC_WARN_UNUSED_VARIABLE = YES;
				IPHONEOS_DEPLOYMENT_TARGET = 15.5;
				MTL_ENABLE_DEBUG_INFO = NO;
				MTL_FAST_MATH = YES;
				SDKROOT = iphoneos;
				SWIFT_COMPILATION_MODE = wholemodule;
				SWIFT_OPTIMIZATION_LEVEL = "-O";
				VALIDATE_PRODUCT = YES;
			};
			name = Release;
		};
		052479AB28D20D2B00538C51 /* Debug */ = {
			isa = XCBuildConfiguration;
			buildSettings = {
				ASSETCATALOG_COMPILER_APPICON_NAME = AppIcon;
				ASSETCATALOG_COMPILER_GLOBAL_ACCENT_COLOR_NAME = AccentColor;
				CODE_SIGN_STYLE = Automatic;
				CURRENT_PROJECT_VERSION = 1;
				DEVELOPMENT_TEAM = 548JH55A58;
				GENERATE_INFOPLIST_FILE = YES;
				INFOPLIST_FILE = VideoDemo/Info.plist;
				INFOPLIST_KEY_UIApplicationSupportsIndirectInputEvents = YES;
				INFOPLIST_KEY_UILaunchStoryboardName = LaunchScreen;
				INFOPLIST_KEY_UIMainStoryboardFile = Main;
				INFOPLIST_KEY_UISupportedInterfaceOrientations_iPad = "UIInterfaceOrientationPortrait UIInterfaceOrientationPortraitUpsideDown UIInterfaceOrientationLandscapeLeft UIInterfaceOrientationLandscapeRight";
				INFOPLIST_KEY_UISupportedInterfaceOrientations_iPhone = "UIInterfaceOrientationPortrait UIInterfaceOrientationLandscapeLeft UIInterfaceOrientationLandscapeRight";
				LD_RUNPATH_SEARCH_PATHS = (
					"$(inherited)",
					"@executable_path/Frameworks",
				);
				MARKETING_VERSION = 1.0;
				PRODUCT_BUNDLE_IDENTIFIER = arvinder.VideoDemo;
				PRODUCT_NAME = "$(TARGET_NAME)";
				SWIFT_EMIT_LOC_STRINGS = YES;
				SWIFT_VERSION = 5.0;
				TARGETED_DEVICE_FAMILY = "1,2";
			};
			name = Debug;
		};
		052479AC28D20D2B00538C51 /* Release */ = {
			isa = XCBuildConfiguration;
			buildSettings = {
				ASSETCATALOG_COMPILER_APPICON_NAME = AppIcon;
				ASSETCATALOG_COMPILER_GLOBAL_ACCENT_COLOR_NAME = AccentColor;
				CODE_SIGN_STYLE = Automatic;
				CURRENT_PROJECT_VERSION = 1;
				DEVELOPMENT_TEAM = 548JH55A58;
				GENERATE_INFOPLIST_FILE = YES;
				INFOPLIST_FILE = VideoDemo/Info.plist;
				INFOPLIST_KEY_UIApplicationSupportsIndirectInputEvents = YES;
				INFOPLIST_KEY_UILaunchStoryboardName = LaunchScreen;
				INFOPLIST_KEY_UIMainStoryboardFile = Main;
				INFOPLIST_KEY_UISupportedInterfaceOrientations_iPad = "UIInterfaceOrientationPortrait UIInterfaceOrientationPortraitUpsideDown UIInterfaceOrientationLandscapeLeft UIInterfaceOrientationLandscapeRight";
				INFOPLIST_KEY_UISupportedInterfaceOrientations_iPhone = "UIInterfaceOrientationPortrait UIInterfaceOrientationLandscapeLeft UIInterfaceOrientationLandscapeRight";
				LD_RUNPATH_SEARCH_PATHS = (
					"$(inherited)",
					"@executable_path/Frameworks",
				);
				MARKETING_VERSION = 1.0;
				PRODUCT_BUNDLE_IDENTIFIER = arvinder.VideoDemo;
				PRODUCT_NAME = "$(TARGET_NAME)";
				SWIFT_EMIT_LOC_STRINGS = YES;
				SWIFT_VERSION = 5.0;
				TARGETED_DEVICE_FAMILY = "1,2";
			};
			name = Release;
		};
/* End XCBuildConfiguration section */

/* Begin XCConfigurationList section */
		0524799128D20D2A00538C51 /* Build configuration list for PBXProject "VideoDemo" */ = {
			isa = XCConfigurationList;
			buildConfigurations = (
				052479A828D20D2B00538C51 /* Debug */,
				052479A928D20D2B00538C51 /* Release */,
			);
			defaultConfigurationIsVisible = 0;
			defaultConfigurationName = Release;
		};
		052479AA28D20D2B00538C51 /* Build configuration list for PBXNativeTarget "VideoDemo" */ = {
			isa = XCConfigurationList;
			buildConfigurations = (
				052479AB28D20D2B00538C51 /* Debug */,
				052479AC28D20D2B00538C51 /* Release */,
			);
			defaultConfigurationIsVisible = 0;
			defaultConfigurationName = Release;
		};
/* End XCConfigurationList section */
	};
	rootObject = 0524798E28D20D2A00538C51 /* Project object */;
}
